
Microsoft Visual Studio Solution File, Format Version 12.00
# Visual Studio Version 16
VisualStudioVersion = 16.0.30225.117
MinimumVisualStudioVersion = 10.0.40219.1
Project("{FAE04EC0-301F-11D3-BF4B-00C04F79EFBC}") = "KayanYazi", "KayanYazi\KayanYazi.csproj", "{A99FDF4B-48CE-4489-8B5E-4297F0FF4B7B}"
EndProject
Global
	GlobalSection(SolutionConfigurationPlatforms) = preSolution
		Debug|Any CPU = Debug|Any CPU
		Release|Any CPU = Release|Any CPU
	EndGlobalSection
	GlobalSection(ProjectConfigurationPlatforms) = postSolution
		{A99FDF4B-48CE-4489-8B5E-4297F0FF4B7B}.Debug|Any CPU.ActiveCfg = Debug|Any CPU
		{A99FDF4B-48CE-4489-8B5E-4297F0FF4B7B}.Debug|Any CPU.Build.0 = Debug|Any CPU
		{A99FDF4B-48CE-4489-8B5E-4297F0FF4B7B}.Release|Any CPU.ActiveCfg = Release|Any CPU
		{A99FDF4B-48CE-4489-8B5E-4297F0FF4B7B}.Release|Any CPU.Build.0 = Release|Any CPU
	EndGlobalSection
	GlobalSection(SolutionProperties) = preSolution
		HideSolutionNode = FALSE
	EndGlobalSection
	GlobalSection(ExtensibilityGlobals) = postSolution
		SolutionGuid = {DA4BE411-CC8A-414B-9DD7-ABE3D6E7D40D}
	EndGlobalSection
EndGlobal
